
Microsoft Visual Studio Solution File, Format Version 12.00
# Visual Studio Version 16
VisualStudioVersion = 16.0.31229.75
MinimumVisualStudioVersion = 10.0.40219.1
Project("{9A19103F-16F7-4668-BE54-9A1E7A4F7556}") = "DataAccess", "DataAccess\DataAccess.csproj", "{BE90293A-5886-4D3D-877C-19193A4ABE77}"
EndProject
Project("{9A19103F-16F7-4668-BE54-9A1E7A4F7556}") = "Entities", "Entities\Entities.csproj", "{E1500A19-E2CE-4233-9F03-FA7348F7E07E}"
EndProject
Project("{9A19103F-16F7-4668-BE54-9A1E7A4F7556}") = "Business", "Business\Business.csproj", "{FFEE2A77-2713-4915-91A3-28705C86C67C}"
EndProject
Project("{9A19103F-16F7-4668-BE54-9A1E7A4F7556}") = "ConsoleUI", "ConsoleUI\ConsoleUI.csproj", "{C0C9FC28-381F-489E-9718-69D7E18563CC}"
EndProject
Project("{9A19103F-16F7-4668-BE54-9A1E7A4F7556}") = "Core", "Core\Core.csproj", "{523AD7DE-00CA-4F34-842C-61EF630DA52F}"
EndProject
Project("{FAE04EC0-301F-11D3-BF4B-00C04F79EFBC}") = "WepAPI", "WebAPI\WepAPI.csproj", "{2C442F73-2446-4E44-874D-2B2096E59BA9}"
EndProject
Global
	GlobalSection(SolutionConfigurationPlatforms) = preSolution
		Debug|Any CPU = Debug|Any CPU
		Release|Any CPU = Release|Any CPU
	EndGlobalSection
	GlobalSection(ProjectConfigurationPlatforms) = postSolution
		{BE90293A-5886-4D3D-877C-19193A4ABE77}.Debug|Any CPU.ActiveCfg = Debug|Any CPU
		{BE90293A-5886-4D3D-877C-19193A4ABE77}.Debug|Any CPU.Build.0 = Debug|Any CPU
		{BE90293A-5886-4D3D-877C-19193A4ABE77}.Release|Any CPU.ActiveCfg = Release|Any CPU
		{BE90293A-5886-4D3D-877C-19193A4ABE77}.Release|Any CPU.Build.0 = Release|Any CPU
		{E1500A19-E2CE-4233-9F03-FA7348F7E07E}.Debug|Any CPU.ActiveCfg = Debug|Any CPU
		{E1500A19-E2CE-4233-9F03-FA7348F7E07E}.Debug|Any CPU.Build.0 = Debug|Any CPU
		{E1500A19-E2CE-4233-9F03-FA7348F7E07E}.Release|Any CPU.ActiveCfg = Release|Any CPU
		{E1500A19-E2CE-4233-9F03-FA7348F7E07E}.Release|Any CPU.Build.0 = Release|Any CPU
		{FFEE2A77-2713-4915-91A3-28705C86C67C}.Debug|Any CPU.ActiveCfg = Debug|Any CPU
		{FFEE2A77-2713-4915-91A3-28705C86C67C}.Debug|Any CPU.Build.0 = Debug|Any CPU
		{FFEE2A77-2713-4915-91A3-28705C86C67C}.Release|Any CPU.ActiveCfg = Release|Any CPU
		{FFEE2A77-2713-4915-91A3-28705C86C67C}.Release|Any CPU.Build.0 = Release|Any CPU
		{C0C9FC28-381F-489E-9718-69D7E18563CC}.Debug|Any CPU.ActiveCfg = Debug|Any CPU
		{C0C9FC28-381F-489E-9718-69D7E18563CC}.Debug|Any CPU.Build.0 = Debug|Any CPU
		{C0C9FC28-381F-489E-9718-69D7E18563CC}.Release|Any CPU.ActiveCfg = Release|Any CPU
		{C0C9FC28-381F-489E-9718-69D7E18563CC}.Release|Any CPU.Build.0 = Release|Any CPU
		{523AD7DE-00CA-4F34-842C-61EF630DA52F}.Debug|Any CPU.ActiveCfg = Debug|Any CPU
		{523AD7DE-00CA-4F34-842C-61EF630DA52F}.Debug|Any CPU.Build.0 = Debug|Any CPU
		{523AD7DE-00CA-4F34-842C-61EF630DA52F}.Release|Any CPU.ActiveCfg = Release|Any CPU
		{523AD7DE-00CA-4F34-842C-61EF630DA52F}.Release|Any CPU.Build.0 = Release|Any CPU
		{2C442F73-2446-4E44-874D-2B2096E59BA9}.Debug|Any CPU.ActiveCfg = Debug|Any CPU
		{2C442F73-2446-4E44-874D-2B2096E59BA9}.Debug|Any CPU.Build.0 = Debug|Any CPU
		{2C442F73-2446-4E44-874D-2B2096E59BA9}.Release|Any CPU.ActiveCfg = Release|Any CPU
		{2C442F73-2446-4E44-874D-2B2096E59BA9}.Release|Any CPU.Build.0 = Release|Any CPU
	EndGlobalSection
	GlobalSection(SolutionProperties) = preSolution
		HideSolutionNode = FALSE
	EndGlobalSection
	GlobalSection(ExtensibilityGlobals) = postSolution
		SolutionGuid = {1EDD0379-8FA9-4DE2-B119-3B225F531515}
	EndGlobalSection
EndGlobal
